
Microsoft Visual Studio Solution File, Format Version 12.00
# Visual Studio Version 17
VisualStudioVersion = 17.0.31815.197
MinimumVisualStudioVersion = 10.0.40219.1
Project("{FAE04EC0-301F-11D3-BF4B-00C04F79EFBC}") = "Trilogy.ActivityReporter.API", "Trilogy.ActivityReporter.API\Trilogy.ActivityReporter.API.csproj", "{04806945-14F5-4569-8ADE-789C97B7F93E}"
EndProject
Project("{FAE04EC0-301F-11D3-BF4B-00C04F79EFBC}") = "Trilogy.ActivityReporter.DataModels", "Trilogy.ActivityReporter.DTO\Trilogy.ActivityReporter.DataModels.csproj", "{3B2EEA9C-4C09-4F74-A518-FCC6418865AC}"
EndProject
Project("{FAE04EC0-301F-11D3-BF4B-00C04F79EFBC}") = "Trilogy.ActivityReporter.BLL", "Trilogy.ActivityReporter.BLL\Trilogy.ActivityReporter.BLL.csproj", "{3B4A7526-8F20-4862-B078-A7EE54A9BBC6}"
EndProject
Project("{FAE04EC0-301F-11D3-BF4B-00C04F79EFBC}") = "Trilogy.ActivityReporter.DAL", "Trilogy.ActivityReporter.DAL\Trilogy.ActivityReporter.DAL.csproj", "{A6509C14-E643-4005-85A0-975141065252}"
EndProject
Project("{FAE04EC0-301F-11D3-BF4B-00C04F79EFBC}") = "Trilogy.ActivityReporter.API.Tests", "Trilogy.ActivityReporter.API.Tests\Trilogy.ActivityReporter.API.Tests.csproj", "{4D92F453-CC02-4CB1-BEE9-C2C4B4A62CA2}"
EndProject
Global
	GlobalSection(SolutionConfigurationPlatforms) = preSolution
		Debug|Any CPU = Debug|Any CPU
		Release|Any CPU = Release|Any CPU
	EndGlobalSection
	GlobalSection(ProjectConfigurationPlatforms) = postSolution
		{04806945-14F5-4569-8ADE-789C97B7F93E}.Debug|Any CPU.ActiveCfg = Debug|Any CPU
		{04806945-14F5-4569-8ADE-789C97B7F93E}.Debug|Any CPU.Build.0 = Debug|Any CPU
		{04806945-14F5-4569-8ADE-789C97B7F93E}.Release|Any CPU.ActiveCfg = Release|Any CPU
		{04806945-14F5-4569-8ADE-789C97B7F93E}.Release|Any CPU.Build.0 = Release|Any CPU
		{3B2EEA9C-4C09-4F74-A518-FCC6418865AC}.Debug|Any CPU.ActiveCfg = Debug|Any CPU
		{3B2EEA9C-4C09-4F74-A518-FCC6418865AC}.Debug|Any CPU.Build.0 = Debug|Any CPU
		{3B2EEA9C-4C09-4F74-A518-FCC6418865AC}.Release|Any CPU.ActiveCfg = Release|Any CPU
		{3B2EEA9C-4C09-4F74-A518-FCC6418865AC}.Release|Any CPU.Build.0 = Release|Any CPU
		{3B4A7526-8F20-4862-B078-A7EE54A9BBC6}.Debug|Any CPU.ActiveCfg = Debug|Any CPU
		{3B4A7526-8F20-4862-B078-A7EE54A9BBC6}.Debug|Any CPU.Build.0 = Debug|Any CPU
		{3B4A7526-8F20-4862-B078-A7EE54A9BBC6}.Release|Any CPU.ActiveCfg = Release|Any CPU
		{3B4A7526-8F20-4862-B078-A7EE54A9BBC6}.Release|Any CPU.Build.0 = Release|Any CPU
		{A6509C14-E643-4005-85A0-975141065252}.Debug|Any CPU.ActiveCfg = Debug|Any CPU
		{A6509C14-E643-4005-85A0-975141065252}.Debug|Any CPU.Build.0 = Debug|Any CPU
		{A6509C14-E643-4005-85A0-975141065252}.Release|Any CPU.ActiveCfg = Release|Any CPU
		{A6509C14-E643-4005-85A0-975141065252}.Release|Any CPU.Build.0 = Release|Any CPU
		{4D92F453-CC02-4CB1-BEE9-C2C4B4A62CA2}.Debug|Any CPU.ActiveCfg = Debug|Any CPU
		{4D92F453-CC02-4CB1-BEE9-C2C4B4A62CA2}.Debug|Any CPU.Build.0 = Debug|Any CPU
		{4D92F453-CC02-4CB1-BEE9-C2C4B4A62CA2}.Release|Any CPU.ActiveCfg = Release|Any CPU
		{4D92F453-CC02-4CB1-BEE9-C2C4B4A62CA2}.Release|Any CPU.Build.0 = Release|Any CPU
	EndGlobalSection
	GlobalSection(SolutionProperties) = preSolution
		HideSolutionNode = FALSE
	EndGlobalSection
	GlobalSection(ExtensibilityGlobals) = postSolution
		SolutionGuid = {0E40F587-E64F-4DA0-BCA4-6E1A2A228202}
	EndGlobalSection
EndGlobal
